
Microsoft Visual Studio Solution File, Format Version 12.00
# Visual Studio Version 16
VisualStudioVersion = 16.0.28729.10
MinimumVisualStudioVersion = 10.0.40219.1
Project("{FAE04EC0-301F-11D3-BF4B-00C04F79EFBC}") = "ViennaAdvantageWeb", "ViennaAdvantageWeb\ViennaAdvantageWeb.csproj", "{BE66152A-A548-4EFF-88A3-C6305B6FDC38}"
EndProject
Project("{FAE04EC0-301F-11D3-BF4B-00C04F79EFBC}") = "VIS", "VIS\VIS.csproj", "{C9421E8F-F38E-417A-96C5-90E1BA817465}"
EndProject
Project("{FAE04EC0-301F-11D3-BF4B-00C04F79EFBC}") = "ModelLibrary", "ModelLibrary\ModelLibrary.csproj", "{F8F980FC-83EF-4495-812E-5DEF569B9242}"
EndProject
Project("{FAE04EC0-301F-11D3-BF4B-00C04F79EFBC}") = "ViennaBase", "ViennaBase\ViennaBase.csproj", "{349C7A2B-FAD9-428A-BCD1-7F7262A0419D}"
EndProject
Project("{FAE04EC0-301F-11D3-BF4B-00C04F79EFBC}") = "VAModel", "VAModel\VAModel.csproj", "{70B3C9A6-631E-40D0-BF47-D573B4478980}"
EndProject
Project("{FAE04EC0-301F-11D3-BF4B-00C04F79EFBC}") = "BaseLibrary", "BaseLibrary\BaseLibrary.csproj", "{2609163F-87CE-4796-86E9-D3E5DE2044CD}"
EndProject
Project("{FAE04EC0-301F-11D3-BF4B-00C04F79EFBC}") = "BaseModel", "BaseModel\BaseModel.csproj", "{E2AF5F6B-8107-4D3A-A6F0-EC2B83447B9F}"
EndProject
Project("{FAE04EC0-301F-11D3-BF4B-00C04F79EFBC}") = "VAPrintUtility", "VAPrintUtility\VAPrintUtility.csproj", "{64B1D750-7031-41A4-80D1-21BD0A88C184}"
EndProject
Global
	GlobalSection(SolutionConfigurationPlatforms) = preSolution
		Debug|Any CPU = Debug|Any CPU
		Release|Any CPU = Release|Any CPU
	EndGlobalSection
	GlobalSection(ProjectConfigurationPlatforms) = postSolution
		{BE66152A-A548-4EFF-88A3-C6305B6FDC38}.Debug|Any CPU.ActiveCfg = Debug|Any CPU
		{BE66152A-A548-4EFF-88A3-C6305B6FDC38}.Debug|Any CPU.Build.0 = Debug|Any CPU
		{BE66152A-A548-4EFF-88A3-C6305B6FDC38}.Release|Any CPU.ActiveCfg = Release|Any CPU
		{BE66152A-A548-4EFF-88A3-C6305B6FDC38}.Release|Any CPU.Build.0 = Release|Any CPU
		{C9421E8F-F38E-417A-96C5-90E1BA817465}.Debug|Any CPU.ActiveCfg = Debug|Any CPU
		{C9421E8F-F38E-417A-96C5-90E1BA817465}.Debug|Any CPU.Build.0 = Debug|Any CPU
		{C9421E8F-F38E-417A-96C5-90E1BA817465}.Release|Any CPU.ActiveCfg = Release|Any CPU
		{C9421E8F-F38E-417A-96C5-90E1BA817465}.Release|Any CPU.Build.0 = Release|Any CPU
		{F8F980FC-83EF-4495-812E-5DEF569B9242}.Debug|Any CPU.ActiveCfg = Debug|Any CPU
		{F8F980FC-83EF-4495-812E-5DEF569B9242}.Debug|Any CPU.Build.0 = Debug|Any CPU
		{F8F980FC-83EF-4495-812E-5DEF569B9242}.Release|Any CPU.ActiveCfg = Release|Any CPU
		{F8F980FC-83EF-4495-812E-5DEF569B9242}.Release|Any CPU.Build.0 = Release|Any CPU
		{349C7A2B-FAD9-428A-BCD1-7F7262A0419D}.Debug|Any CPU.ActiveCfg = Debug|Any CPU
		{349C7A2B-FAD9-428A-BCD1-7F7262A0419D}.Debug|Any CPU.Build.0 = Debug|Any CPU
		{349C7A2B-FAD9-428A-BCD1-7F7262A0419D}.Release|Any CPU.ActiveCfg = Release|Any CPU
		{349C7A2B-FAD9-428A-BCD1-7F7262A0419D}.Release|Any CPU.Build.0 = Release|Any CPU
		{70B3C9A6-631E-40D0-BF47-D573B4478980}.Debug|Any CPU.ActiveCfg = Debug|Any CPU
		{70B3C9A6-631E-40D0-BF47-D573B4478980}.Debug|Any CPU.Build.0 = Debug|Any CPU
		{70B3C9A6-631E-40D0-BF47-D573B4478980}.Release|Any CPU.ActiveCfg = Release|Any CPU
		{70B3C9A6-631E-40D0-BF47-D573B4478980}.Release|Any CPU.Build.0 = Release|Any CPU
		{2609163F-87CE-4796-86E9-D3E5DE2044CD}.Debug|Any CPU.ActiveCfg = Debug|Any CPU
		{2609163F-87CE-4796-86E9-D3E5DE2044CD}.Debug|Any CPU.Build.0 = Debug|Any CPU
		{2609163F-87CE-4796-86E9-D3E5DE2044CD}.Release|Any CPU.ActiveCfg = Release|Any CPU
		{2609163F-87CE-4796-86E9-D3E5DE2044CD}.Release|Any CPU.Build.0 = Release|Any CPU
		{E2AF5F6B-8107-4D3A-A6F0-EC2B83447B9F}.Debug|Any CPU.ActiveCfg = Debug|Any CPU
		{E2AF5F6B-8107-4D3A-A6F0-EC2B83447B9F}.Debug|Any CPU.Build.0 = Debug|Any CPU
		{E2AF5F6B-8107-4D3A-A6F0-EC2B83447B9F}.Release|Any CPU.ActiveCfg = Release|Any CPU
		{E2AF5F6B-8107-4D3A-A6F0-EC2B83447B9F}.Release|Any CPU.Build.0 = Release|Any CPU
		{64B1D750-7031-41A4-80D1-21BD0A88C184}.Debug|Any CPU.ActiveCfg = Debug|Any CPU
		{64B1D750-7031-41A4-80D1-21BD0A88C184}.Debug|Any CPU.Build.0 = Debug|Any CPU
		{64B1D750-7031-41A4-80D1-21BD0A88C184}.Release|Any CPU.ActiveCfg = Release|Any CPU
		{64B1D750-7031-41A4-80D1-21BD0A88C184}.Release|Any CPU.Build.0 = Release|Any CPU
	EndGlobalSection
	GlobalSection(SolutionProperties) = preSolution
		HideSolutionNode = FALSE
	EndGlobalSection
	GlobalSection(ExtensibilityGlobals) = postSolution
		SolutionGuid = {B1CC8E34-1E94-4C16-AC4A-D59C28AB177F}
	EndGlobalSection
EndGlobal
