
Microsoft Visual Studio Solution File, Format Version 12.00
# Visual Studio Version 16
VisualStudioVersion = 16.0.28729.10
MinimumVisualStudioVersion = 10.0.40219.1
Project("{FAE04EC0-301F-11D3-BF4B-00C04F79EFBC}") = "ViennaAdvantageWeb", "ViennaAdvantageWeb\ViennaAdvantageWeb.csproj", "{BE66152A-A548-4EFF-88A3-C6305B6FDC38}"
EndProject
Project("{FAE04EC0-301F-11D3-BF4B-00C04F79EFBC}") = "VIS", "VIS\VIS.csproj", "{C9421E8F-F38E-417A-96C5-90E1BA817465}"
EndProject
Project("{FAE04EC0-301F-11D3-BF4B-00C04F79EFBC}") = "ModelLibrary", "ModelLibrary\ModelLibrary.csproj", "{F8F980FC-83EF-4495-812E-5DEF569B9242}"
EndProject
Project("{FAE04EC0-301F-11D3-BF4B-00C04F79EFBC}") = "ViennaBase", "ViennaBase\ViennaBase.csproj", "{349C7A2B-FAD9-428A-BCD1-7F7262A0419D}"
EndProject
Project("{FAE04EC0-301F-11D3-BF4B-00C04F79EFBC}") = "VAModel", "VAModel\VAModel.csproj", "{70B3C9A6-631E-40D0-BF47-D573B4478980}"
EndProject
Project("{FAE04EC0-301F-11D3-BF4B-00C04F79EFBC}") = "VAPrintLib", "VAPrintUtility\VAPrintLib.csproj", "{64B1D750-7031-41A4-80D1-21BD0A88C184}"
EndProject
Project("{FAE04EC0-301F-11D3-BF4B-00C04F79EFBC}") = "XModel", "XModel\XModel.csproj", "{383D4E75-F51A-4546-8EE2-1BF2BF57F32A}"
EndProject
Project("{FAE04EC0-301F-11D3-BF4B-00C04F79EFBC}") = "CoreLibrary", "CoreLibrary\CoreLibrary.csproj", "{5065B1EC-3A50-45DF-B73F-6C81B9C0A52B}"
EndProject
Project("{FAE04EC0-301F-11D3-BF4B-00C04F79EFBC}") = "BaseLibrary", "BaseLibrary\BaseLibrary.csproj", "{F38800CB-FB57-4705-BFC0-123724A5DA41}"
EndProject
Project("{FAE04EC0-301F-11D3-BF4B-00C04F79EFBC}") = "VAModelAD", "VAModelAD\VAModelAD.csproj", "{DE905AE2-56BF-45D5-B083-76050830E58B}"
EndProject
Project("{FAE04EC0-301F-11D3-BF4B-00C04F79EFBC}") = "VAS", "VAS\VAS.csproj", "{2346DD41-ED74-4D87-A2AD-B736E7B78C9C}"
EndProject
Project("{FAE04EC0-301F-11D3-BF4B-00C04F79EFBC}") = "VAWorkflow", "VAWorkflow\VAWorkflow.csproj", "{B00FC0D9-1BD7-4D3D-9BFF-92B55415D972}"
EndProject
Global
	GlobalSection(SolutionConfigurationPlatforms) = preSolution
		Debug|Any CPU = Debug|Any CPU
		Release|Any CPU = Release|Any CPU
	EndGlobalSection
	GlobalSection(ProjectConfigurationPlatforms) = postSolution
		{BE66152A-A548-4EFF-88A3-C6305B6FDC38}.Debug|Any CPU.ActiveCfg = Debug|Any CPU
		{BE66152A-A548-4EFF-88A3-C6305B6FDC38}.Debug|Any CPU.Build.0 = Debug|Any CPU
		{BE66152A-A548-4EFF-88A3-C6305B6FDC38}.Release|Any CPU.ActiveCfg = Release|Any CPU
		{BE66152A-A548-4EFF-88A3-C6305B6FDC38}.Release|Any CPU.Build.0 = Release|Any CPU
		{C9421E8F-F38E-417A-96C5-90E1BA817465}.Debug|Any CPU.ActiveCfg = Debug|Any CPU
		{C9421E8F-F38E-417A-96C5-90E1BA817465}.Debug|Any CPU.Build.0 = Debug|Any CPU
		{C9421E8F-F38E-417A-96C5-90E1BA817465}.Release|Any CPU.ActiveCfg = Release|Any CPU
		{C9421E8F-F38E-417A-96C5-90E1BA817465}.Release|Any CPU.Build.0 = Release|Any CPU
		{F8F980FC-83EF-4495-812E-5DEF569B9242}.Debug|Any CPU.ActiveCfg = Debug|Any CPU
		{F8F980FC-83EF-4495-812E-5DEF569B9242}.Debug|Any CPU.Build.0 = Debug|Any CPU
		{F8F980FC-83EF-4495-812E-5DEF569B9242}.Release|Any CPU.ActiveCfg = Release|Any CPU
		{F8F980FC-83EF-4495-812E-5DEF569B9242}.Release|Any CPU.Build.0 = Release|Any CPU
		{349C7A2B-FAD9-428A-BCD1-7F7262A0419D}.Debug|Any CPU.ActiveCfg = Debug|Any CPU
		{349C7A2B-FAD9-428A-BCD1-7F7262A0419D}.Debug|Any CPU.Build.0 = Debug|Any CPU
		{349C7A2B-FAD9-428A-BCD1-7F7262A0419D}.Release|Any CPU.ActiveCfg = Release|Any CPU
		{349C7A2B-FAD9-428A-BCD1-7F7262A0419D}.Release|Any CPU.Build.0 = Release|Any CPU
		{70B3C9A6-631E-40D0-BF47-D573B4478980}.Debug|Any CPU.ActiveCfg = Debug|Any CPU
		{70B3C9A6-631E-40D0-BF47-D573B4478980}.Debug|Any CPU.Build.0 = Debug|Any CPU
		{70B3C9A6-631E-40D0-BF47-D573B4478980}.Release|Any CPU.ActiveCfg = Release|Any CPU
		{70B3C9A6-631E-40D0-BF47-D573B4478980}.Release|Any CPU.Build.0 = Release|Any CPU
		{64B1D750-7031-41A4-80D1-21BD0A88C184}.Debug|Any CPU.ActiveCfg = Debug|Any CPU
		{64B1D750-7031-41A4-80D1-21BD0A88C184}.Debug|Any CPU.Build.0 = Debug|Any CPU
		{64B1D750-7031-41A4-80D1-21BD0A88C184}.Release|Any CPU.ActiveCfg = Release|Any CPU
		{64B1D750-7031-41A4-80D1-21BD0A88C184}.Release|Any CPU.Build.0 = Release|Any CPU
		{383D4E75-F51A-4546-8EE2-1BF2BF57F32A}.Debug|Any CPU.ActiveCfg = Debug|Any CPU
		{383D4E75-F51A-4546-8EE2-1BF2BF57F32A}.Debug|Any CPU.Build.0 = Debug|Any CPU
		{383D4E75-F51A-4546-8EE2-1BF2BF57F32A}.Release|Any CPU.ActiveCfg = Release|Any CPU
		{383D4E75-F51A-4546-8EE2-1BF2BF57F32A}.Release|Any CPU.Build.0 = Release|Any CPU
		{5065B1EC-3A50-45DF-B73F-6C81B9C0A52B}.Debug|Any CPU.ActiveCfg = Debug|Any CPU
		{5065B1EC-3A50-45DF-B73F-6C81B9C0A52B}.Debug|Any CPU.Build.0 = Debug|Any CPU
		{5065B1EC-3A50-45DF-B73F-6C81B9C0A52B}.Release|Any CPU.ActiveCfg = Release|Any CPU
		{5065B1EC-3A50-45DF-B73F-6C81B9C0A52B}.Release|Any CPU.Build.0 = Release|Any CPU
		{F38800CB-FB57-4705-BFC0-123724A5DA41}.Debug|Any CPU.ActiveCfg = Debug|Any CPU
		{F38800CB-FB57-4705-BFC0-123724A5DA41}.Debug|Any CPU.Build.0 = Debug|Any CPU
		{F38800CB-FB57-4705-BFC0-123724A5DA41}.Release|Any CPU.ActiveCfg = Release|Any CPU
		{F38800CB-FB57-4705-BFC0-123724A5DA41}.Release|Any CPU.Build.0 = Release|Any CPU
		{DE905AE2-56BF-45D5-B083-76050830E58B}.Debug|Any CPU.ActiveCfg = Debug|Any CPU
		{DE905AE2-56BF-45D5-B083-76050830E58B}.Debug|Any CPU.Build.0 = Debug|Any CPU
		{DE905AE2-56BF-45D5-B083-76050830E58B}.Release|Any CPU.ActiveCfg = Release|Any CPU
		{DE905AE2-56BF-45D5-B083-76050830E58B}.Release|Any CPU.Build.0 = Release|Any CPU
		{2346DD41-ED74-4D87-A2AD-B736E7B78C9C}.Debug|Any CPU.ActiveCfg = Debug|Any CPU
		{2346DD41-ED74-4D87-A2AD-B736E7B78C9C}.Debug|Any CPU.Build.0 = Debug|Any CPU
		{2346DD41-ED74-4D87-A2AD-B736E7B78C9C}.Release|Any CPU.ActiveCfg = Release|Any CPU
		{2346DD41-ED74-4D87-A2AD-B736E7B78C9C}.Release|Any CPU.Build.0 = Release|Any CPU
		{B00FC0D9-1BD7-4D3D-9BFF-92B55415D972}.Debug|Any CPU.ActiveCfg = Debug|Any CPU
		{B00FC0D9-1BD7-4D3D-9BFF-92B55415D972}.Debug|Any CPU.Build.0 = Debug|Any CPU
		{B00FC0D9-1BD7-4D3D-9BFF-92B55415D972}.Release|Any CPU.ActiveCfg = Release|Any CPU
		{B00FC0D9-1BD7-4D3D-9BFF-92B55415D972}.Release|Any CPU.Build.0 = Release|Any CPU
	EndGlobalSection
	GlobalSection(SolutionProperties) = preSolution
		HideSolutionNode = FALSE
	EndGlobalSection
	GlobalSection(ExtensibilityGlobals) = postSolution
		SolutionGuid = {B1CC8E34-1E94-4C16-AC4A-D59C28AB177F}
	EndGlobalSection
EndGlobal
